// !$*UTF8*$!
{
	archiveVersion = 1;
	classes = {
	};
	objectVersion = 46;
	objects = {

/* Begin PBXBuildFile section */
		46276EB51D8B6C2A00846387 /* main.m in Sources */ = {isa = PBXBuildFile; fileRef = 46276EB41D8B6C2A00846387 /* main.m */; };
		46276EB81D8B6C2A00846387 /* AppDelegate.m in Sources */ = {isa = PBXBuildFile; fileRef = 46276EB71D8B6C2A00846387 /* AppDelegate.m */; };
		46276EBB1D8B6C2A00846387 /* ViewController.m in Sources */ = {isa = PBXBuildFile; fileRef = 46276EBA1D8B6C2A00846387 /* ViewController.m */; };
		46276EBE1D8B6C2A00846387 /* Main.storyboard in Resources */ = {isa = PBXBuildFile; fileRef = 46276EBC1D8B6C2A00846387 /* Main.storyboard */; };
		46276EC01D8B6C2A00846387 /* Assets.xcassets in Resources */ = {isa = PBXBuildFile; fileRef = 46276EBF1D8B6C2A00846387 /* Assets.xcassets */; };
		46276EC31D8B6C2A00846387 /* LaunchScreen.storyboard in Resources */ = {isa = PBXBuildFile; fileRef = 46276EC11D8B6C2A00846387 /* LaunchScreen.storyboard */; };
/* End PBXBuildFile section */

/* Begin PBXFileReference section */
		46276EB01D8B6C2A00846387 /* InvisibleKeyboard.app */ = {isa = PBXFileReference; explicitFileType = wrapper.application; includeInIndex = 0; path = InvisibleKeyboard.app; sourceTree = BUILT_PRODUCTS_DIR; };
		46276EB41D8B6C2A00846387 /* main.m */ = {isa = PBXFileReference; lastKnownFileType = sourcecode.c.objc; path = main.m; sourceTree = "<group>"; };
		46276EB61D8B6C2A00846387 /* AppDelegate.h */ = {isa = PBXFileReference; lastKnownFileType = sourcecode.c.h; path = AppDelegate.h; sourceTree = "<group>"; };
		46276EB71D8B6C2A00846387 /* AppDelegate.m */ = {isa = PBXFileReference; lastKnownFileType = sourcecode.c.objc; path = AppDelegate.m; sourceTree = "<group>"; };
		46276EB91D8B6C2A00846387 /* ViewController.h */ = {isa = PBXFileReference; lastKnownFileType = sourcecode.c.h; path = ViewController.h; sourceTree = "<group>"; };
		46276EBA1D8B6C2A00846387 /* ViewController.m */ = {isa = PBXFileReference; lastKnownFileType = sourcecode.c.objc; path = ViewController.m; sourceTree = "<group>"; };
		46276EBD1D8B6C2A00846387 /* Base */ = {isa = PBXFileReference; lastKnownFileType = file.storyboard; name = Base; path = Base.lproj/Main.storyboard; sourceTree = "<group>"; };
		46276EBF1D8B6C2A00846387 /* Assets.xcassets */ = {isa = PBXFileReference; lastKnownFileType = folder.assetcatalog; path = Assets.xcassets; sourceTree = "<group>"; };
		46276EC21D8B6C2A00846387 /* Base */ = {isa = PBXFileReference; lastKnownFileType = file.storyboard; name = Base; path = Base.lproj/LaunchScreen.storyboard; sourceTree = "<group>"; };
		46276EC41D8B6C2A00846387 /* Info.plist */ = {isa = PBXFileReference; lastKnownFileType = text.plist.xml; path = Info.plist; sourceTree = "<group>"; };
/* End PBXFileReference section */

/* Begin PBXFrameworksBuildPhase section */
		46276EAD1D8B6C2A00846387 /* Frameworks */ = {
			isa = PBXFrameworksBuildPhase;
			buildActionMask = 2147483647;
			files = (
			);
			runOnlyForDeploymentPostprocessing = 0;
		};
/* End PBXFrameworksBuildPhase section */

/* Begin PBXGroup section */
		46276EA71D8B6C2A00846387 = {
			isa = PBXGroup;
			children = (
				46276EB21D8B6C2A00846387 /* InvisibleKeyboard */,
				46276EB11D8B6C2A00846387 /* Products */,
			);
			sourceTree = "<group>";
		};
		46276EB11D8B6C2A00846387 /* Products */ = {
			isa = PBXGroup;
			children = (
				46276EB01D8B6C2A00846387 /* InvisibleKeyboard.app */,
			);
			name = Products;
			sourceTree = "<group>";
		};
		46276EB21D8B6C2A00846387 /* InvisibleKeyboard */ = {
			isa = PBXGroup;
			children = (
				46276EB61D8B6C2A00846387 /* AppDelegate.h */,
				46276EB71D8B6C2A00846387 /* AppDelegate.m */,
				46276EB91D8B6C2A00846387 /* ViewController.h */,
				46276EBA1D8B6C2A00846387 /* ViewController.m */,
				46276EBC1D8B6C2A00846387 /* Main.storyboard */,
				46276EBF1D8B6C2A00846387 /* Assets.xcassets */,
				46276EC11D8B6C2A00846387 /* LaunchScreen.storyboard */,
				46276EC41D8B6C2A00846387 /* Info.plist */,
				46276EB31D8B6C2A00846387 /* Supporting Files */,
			);
			path = InvisibleKeyboard;
			sourceTree = "<group>";
		};
		46276EB31D8B6C2A00846387 /* Supporting Files */ = {
			isa = PBXGroup;
			children = (
				46276EB41D8B6C2A00846387 /* main.m */,
			);
			name = "Supporting Files";
			sourceTree = "<group>";
		};
/* End PBXGroup section */

/* Begin PBXNativeTarget section */
		46276EAF1D8B6C2A00846387 /* InvisibleKeyboard */ = {
			isa = PBXNativeTarget;
			buildConfigurationList = 46276EC71D8B6C2A00846387 /* Build configuration list for PBXNativeTarget "InvisibleKeyboard" */;
			buildPhases = (
				46276EAC1D8B6C2A00846387 /* Sources */,
				46276EAD1D8B6C2A00846387 /* Frameworks */,
				46276EAE1D8B6C2A00846387 /* Resources */,
			);
			buildRules = (
			);
			dependencies = (
			);
			name = InvisibleKeyboard;
			productName = InvisibleKeyboard;
			productReference = 46276EB01D8B6C2A00846387 /* InvisibleKeyboard.app */;
			productType = "com.apple.product-type.application";
		};
/* End PBXNativeTarget section */

/* Begin PBXProject section */
		46276EA81D8B6C2A00846387 /* Project object */ = {
			isa = PBXProject;
			attributes = {
				LastUpgradeCheck = 0730;
				ORGANIZATIONNAME = "Ashton-W";
				TargetAttributes = {
					46276EAF1D8B6C2A00846387 = {
						CreatedOnToolsVersion = 7.3.1;
						DevelopmentTeam = NRQNN5J5U8;
					};
				};
			};
			buildConfigurationList = 46276EAB1D8B6C2A00846387 /* Build configuration list for PBXProject "InvisibleKeyboard" */;
			compatibilityVersion = "Xcode 3.2";
			developmentRegion = English;
			hasScannedForEncodings = 0;
			knownRegions = (
				en,
				Base,
			);
			mainGroup = 46276EA71D8B6C2A00846387;
			productRefGroup = 46276EB11D8B6C2A00846387 /* Products */;
			projectDirPath = "";
			projectRoot = "";
			targets = (
				46276EAF1D8B6C2A00846387 /* InvisibleKeyboard */,
			);
		};
/* End PBXProject section */

/* Begin PBXResourcesBuildPhase section */
		46276EAE1D8B6C2A00846387 /* Resources */ = {
			isa = PBXResourcesBuildPhase;
			buildActionMask = 2147483647;
			files = (
				46276EC31D8B6C2A00846387 /* LaunchScreen.storyboard in Resources */,
				46276EC01D8B6C2A00846387 /* Assets.xcassets in Resources */,
				46276EBE1D8B6C2A00846387 /* Main.storyboard in Resources */,
			);
			runOnlyForDeploymentPostprocessing = 0;
		};
/* End PBXResourcesBuildPhase section */

/* Begin PBXSourcesBuildPhase section */
		46276EAC1D8B6C2A00846387 /* Sources */ = {
			isa = PBXSourcesBuildPhase;
			buildActionMask = 2147483647;
			files = (
				46276EBB1D8B6C2A00846387 /* ViewController.m in Sources */,
				46276EB81D8B6C2A00846387 /* AppDelegate.m in Sources */,
				46276EB51D8B6C2A00846387 /* main.m in Sources */,
			);
			runOnlyForDeploymentPostprocessing = 0;
		};
/* End PBXSourcesBuildPhase section */

/* Begin PBXVariantGroup section */
		46276EBC1D8B6C2A00846387 /* Main.storyboard */ = {
			isa = PBXVariantGroup;
			children = (
				46276EBD1D8B6C2A00846387 /* Base */,
			);
			name = Main.storyboard;
			sourceTree = "<group>";
		};
		46276EC11D8B6C2A00846387 /* LaunchScreen.storyboard */ = {
			isa = PBXVariantGroup;
			children = (
				46276EC21D8B6C2A00846387 /* Base */,
			);
			name = LaunchScreen.storyboard;
			sourceTree = "<group>";
		};
/* End PBXVariantGroup section */

/* Begin XCBuildConfiguration section */
		46276EC51D8B6C2A00846387 /* Debug */ = {
			isa = XCBuildConfiguration;
			buildSettings = {
				ALWAYS_SEARCH_USER_PATHS = NO;
				CLANG_ANALYZER_NONNULL = YES;
				CLANG_CXX_LANGUAGE_STANDARD = "gnu++0x";
				CLANG_CXX_LIBRARY = "libc++";
				CLANG_ENABLE_MODULES = YES;
				CLANG_ENABLE_OBJC_ARC = YES;
				CLANG_WARN_BOOL_CONVERSION = YES;
				CLANG_WARN_CONSTANT_CONVERSION = YES;
				CLANG_WARN_DIRECT_OBJC_ISA_USAGE = YES_ERROR;
				CLANG_WARN_EMPTY_BODY = YES;
				CLANG_WARN_ENUM_CONVERSION = YES;
				CLANG_WARN_INT_CONVERSION = YES;
				CLANG_WARN_OBJC_ROOT_CLASS = YES_ERROR;
				CLANG_WARN_UNREACHABLE_CODE = YES;
				CLANG_WARN__DUPLICATE_METHOD_MATCH = YES;
				"CODE_SIGN_IDENTITY[sdk=iphoneos*]" = "iPhone Developer";
				COPY_PHASE_STRIP = NO;
				DEBUG_INFORMATION_FORMAT = dwarf;
				ENABLE_BITCODE = NO;
				ENABLE_STRICT_OBJC_MSGSEND = YES;
				ENABLE_TESTABILITY = YES;
				GCC_C_LANGUAGE_STANDARD = gnu99;
				GCC_DYNAMIC_NO_PIC = NO;
				GCC_NO_COMMON_BLOCKS = YES;
				GCC_OPTIMIZATION_LEVEL = 0;
				GCC_PREPROCESSOR_DEFINITIONS = (
					"DEBUG=1",
					"$(inherited)",
				);
				GCC_WARN_64_TO_32_BIT_CONVERSION = YES;
				GCC_WARN_ABOUT_RETURN_TYPE = YES_ERROR;
				GCC_WARN_UNDECLARED_SELECTOR = YES;
				GCC_WARN_UNINITIALIZED_AUTOS = YES_AGGRESSIVE;
				GCC_WARN_UNUSED_FUNCTION = YES;
				GCC_WARN_UNUSED_VARIABLE = YES;
				IPHONEOS_DEPLOYMENT_TARGET = 10.0;
				MTL_ENABLE_DEBUG_INFO = YES;
				ONLY_ACTIVE_ARCH = YES;
				SDKROOT = iphoneos;
			};
			name = Debug;
		};
		46276EC61D8B6C2A00846387 /* Release */ = {
			isa = XCBuildConfiguration;
			buildSettings = {
				ALWAYS_SEARCH_USER_PATHS = NO;
				CLANG_ANALYZER_NONNULL = YES;
				CLANG_CXX_LANGUAGE_STANDARD = "gnu++0x";
				CLANG_CXX_LIBRARY = "libc++";
				CLANG_ENABLE_MODULES = YES;
				CLANG_ENABLE_OBJC_ARC = YES;
				CLANG_WARN_BOOL_CONVERSION = YES;
				CLANG_WARN_CONSTANT_CONVERSION = YES;
				CLANG_WARN_DIRECT_OBJC_ISA_USAGE = YES_ERROR;
				CLANG_WARN_EMPTY_BODY = YES;
				CLANG_WARN_ENUM_CONVERSION = YES;
				CLANG_WARN_INT_CONVERSION = YES;
				CLANG_WARN_OBJC_ROOT_CLASS = YES_ERROR;
				CLANG_WARN_UNREACHABLE_CODE = YES;
				CLANG_WARN__DUPLICATE_METHOD_MATCH = YES;
				"CODE_SIGN_IDENTITY[sdk=iphoneos*]" = "iPhone Developer";
				COPY_PHASE_STRIP = NO;
				DEBUG_INFORMATION_FORMAT = "dwarf-with-dsym";
				ENABLE_BITCODE = NO;
				ENABLE_NS_ASSERTIONS = NO;
				ENABLE_STRICT_OBJC_MSGSEND = YES;
				GCC_C_LANGUAGE_STANDARD = gnu99;
				GCC_NO_COMMON_BLOCKS = YES;
				GCC_WARN_64_TO_32_BIT_CONVERSION = YES;
				GCC_WARN_ABOUT_RETURN_TYPE = YES_ERROR;
				GCC_WARN_UNDECLARED_SELECTOR = YES;
				GCC_WARN_UNINITIALIZED_AUTOS = YES_AGGRESSIVE;
				GCC_WARN_UNUSED_FUNCTION = YES;
				GCC_WARN_UNUSED_VARIABLE = YES;
				IPHONEOS_DEPLOYMENT_TARGET = 10.0;
				MTL_ENABLE_DEBUG_INFO = NO;
				SDKROOT = iphoneos;
				VALIDATE_PRODUCT = YES;
			};
			name = Release;
		};
		46276EC81D8B6C2A00846387 /* Debug */ = {
			isa = XCBuildConfiguration;
			buildSettings = {
				ASSETCATALOG_COMPILER_APPICON_NAME = AppIcon;
				CODE_SIGN_IDENTITY = "iPhone Developer";
				DEVELOPMENT_TEAM = NRQNN5J5U8;
				FRAMEWORK_SEARCH_PATHS = (
					"$(inherited)",
					"$(PROJECT_DIR)/InvisibleKeyboard",
					"$(SRCROOT)",
				);
				INFOPLIST_FILE = InvisibleKeyboard/Info.plist;
				LD_RUNPATH_SEARCH_PATHS = "$(inherited) @executable_path/Frameworks";
				PRODUCT_BUNDLE_IDENTIFIER = "net.Ashton-W.InvisibleKeyboard";
				PRODUCT_NAME = "$(TARGET_NAME)";
			};
			name = Debug;
		};
		46276EC91D8B6C2A00846387 /* Release */ = {
			isa = XCBuildConfiguration;
			buildSettings = {
				ASSETCATALOG_COMPILER_APPICON_NAME = AppIcon;
				CODE_SIGN_IDENTITY = "iPhone Developer";
				DEVELOPMENT_TEAM = NRQNN5J5U8;
				FRAMEWORK_SEARCH_PATHS = (
					"$(inherited)",
					"$(PROJECT_DIR)/InvisibleKeyboard",
					"$(SRCROOT)",
				);
				INFOPLIST_FILE = InvisibleKeyboard/Info.plist;
				LD_RUNPATH_SEARCH_PATHS = "$(inherited) @executable_path/Frameworks";
				PRODUCT_BUNDLE_IDENTIFIER = "net.Ashton-W.InvisibleKeyboard";
				PRODUCT_NAME = "$(TARGET_NAME)";
			};
			name = Release;
		};
/* End XCBuildConfiguration section */

/* Begin XCConfigurationList section */
		46276EAB1D8B6C2A00846387 /* Build configuration list for PBXProject "InvisibleKeyboard" */ = {
			isa = XCConfigurationList;
			buildConfigurations = (
				46276EC51D8B6C2A00846387 /* Debug */,
				46276EC61D8B6C2A00846387 /* Release */,
			);
			defaultConfigurationIsVisible = 0;
			defaultConfigurationName = Release;
		};
		46276EC71D8B6C2A00846387 /* Build configuration list for PBXNativeTarget "InvisibleKeyboard" */ = {
			isa = XCConfigurationList;
			buildConfigurations = (
				46276EC81D8B6C2A00846387 /* Debug */,
				46276EC91D8B6C2A00846387 /* Release */,
			);
			defaultConfigurationIsVisible = 0;
			defaultConfigurationName = Release;
		};
/* End XCConfigurationList section */
	};
	rootObject = 46276EA81D8B6C2A00846387 /* Project object */;
}
